
Microsoft Visual Studio Solution File, Format Version 12.00
# Visual Studio Version 17
VisualStudioVersion = 17.3.32922.545
MinimumVisualStudioVersion = 10.0.40219.1
Project("{FAE04EC0-301F-11D3-BF4B-00C04F79EFBC}") = "School DB System", "School DB System.csproj", "{0C87A244-C49A-4E40-83FB-D8704F3F256A}"
EndProject
Global
	GlobalSection(SolutionConfigurationPlatforms) = preSolution
		Debug|Any CPU = Debug|Any CPU
		Release|Any CPU = Release|Any CPU
	EndGlobalSection
	GlobalSection(ProjectConfigurationPlatforms) = postSolution
		{0C87A244-C49A-4E40-83FB-D8704F3F256A}.Debug|Any CPU.ActiveCfg = Debug|Any CPU
		{0C87A244-C49A-4E40-83FB-D8704F3F256A}.Debug|Any CPU.Build.0 = Debug|Any CPU
		{0C87A244-C49A-4E40-83FB-D8704F3F256A}.Release|Any CPU.ActiveCfg = Release|Any CPU
		{0C87A244-C49A-4E40-83FB-D8704F3F256A}.Release|Any CPU.Build.0 = Release|Any CPU
	EndGlobalSection
	GlobalSection(SolutionProperties) = preSolution
		HideSolutionNode = FALSE
	EndGlobalSection
	GlobalSection(ExtensibilityGlobals) = postSolution
		SolutionGuid = {16CF69F5-6FC3-4036-BAB3-CC7ED3AB4E8B}
	EndGlobalSection
EndGlobal
